
Microsoft Visual Studio Solution File, Format Version 12.00
# Visual Studio Version 16
VisualStudioVersion = 16.0.30320.27
MinimumVisualStudioVersion = 10.0.40219.1
Project("{FAE04EC0-301F-11D3-BF4B-00C04F79EFBC}") = "PocketGraphs", "PocketGraphs\PocketGraphs.csproj", "{C8F8AF24-9707-4AEB-9A3E-910ABDDAB882}"
EndProject
Global
	GlobalSection(SolutionConfigurationPlatforms) = preSolution
		Debug|Any CPU = Debug|Any CPU
		Release|Any CPU = Release|Any CPU
	EndGlobalSection
	GlobalSection(ProjectConfigurationPlatforms) = postSolution
		{C8F8AF24-9707-4AEB-9A3E-910ABDDAB882}.Debug|Any CPU.ActiveCfg = Debug|Any CPU
		{C8F8AF24-9707-4AEB-9A3E-910ABDDAB882}.Debug|Any CPU.Build.0 = Debug|Any CPU
		{C8F8AF24-9707-4AEB-9A3E-910ABDDAB882}.Release|Any CPU.ActiveCfg = Release|Any CPU
		{C8F8AF24-9707-4AEB-9A3E-910ABDDAB882}.Release|Any CPU.Build.0 = Release|Any CPU
	EndGlobalSection
	GlobalSection(SolutionProperties) = preSolution
		HideSolutionNode = FALSE
	EndGlobalSection
	GlobalSection(ExtensibilityGlobals) = postSolution
		SolutionGuid = {7DAD1BA0-9740-4E33-BD9D-5BE6BCC6E8A6}
	EndGlobalSection
EndGlobal
